
Microsoft Visual Studio Solution File, Format Version 12.00
# Visual Studio Version 17
VisualStudioVersion = 17.3.32825.248
MinimumVisualStudioVersion = 10.0.40219.1
Project("{FAE04EC0-301F-11D3-BF4B-00C04F79EFBC}") = "MetaExchange", "MetaExchange\MetaExchange.csproj", "{49A6A4B9-2A20-4252-887D-4DD93790C676}"
EndProject
Project("{2150E333-8FDC-42A3-9474-1A3956D46DE8}") = "Solution Items", "Solution Items", "{5998C67A-4840-4A1F-814D-A09D43292AEB}"
	ProjectSection(SolutionItems) = preProject
		.editorconfig = .editorconfig
	EndProjectSection
EndProject
Project("{FAE04EC0-301F-11D3-BF4B-00C04F79EFBC}") = "MetaExchange.Tests", "MetaExchange.Tests\MetaExchange.Tests.csproj", "{1C22FB8F-4A52-4EC3-BD50-634BD0FA4B7B}"
EndProject
Global
	GlobalSection(SolutionConfigurationPlatforms) = preSolution
		Debug|Any CPU = Debug|Any CPU
		Release|Any CPU = Release|Any CPU
	EndGlobalSection
	GlobalSection(ProjectConfigurationPlatforms) = postSolution
		{49A6A4B9-2A20-4252-887D-4DD93790C676}.Debug|Any CPU.ActiveCfg = Debug|Any CPU
		{49A6A4B9-2A20-4252-887D-4DD93790C676}.Debug|Any CPU.Build.0 = Debug|Any CPU
		{49A6A4B9-2A20-4252-887D-4DD93790C676}.Release|Any CPU.ActiveCfg = Release|Any CPU
		{49A6A4B9-2A20-4252-887D-4DD93790C676}.Release|Any CPU.Build.0 = Release|Any CPU
		{1C22FB8F-4A52-4EC3-BD50-634BD0FA4B7B}.Debug|Any CPU.ActiveCfg = Debug|Any CPU
		{1C22FB8F-4A52-4EC3-BD50-634BD0FA4B7B}.Debug|Any CPU.Build.0 = Debug|Any CPU
		{1C22FB8F-4A52-4EC3-BD50-634BD0FA4B7B}.Release|Any CPU.ActiveCfg = Release|Any CPU
		{1C22FB8F-4A52-4EC3-BD50-634BD0FA4B7B}.Release|Any CPU.Build.0 = Release|Any CPU
	EndGlobalSection
	GlobalSection(SolutionProperties) = preSolution
		HideSolutionNode = FALSE
	EndGlobalSection
	GlobalSection(ExtensibilityGlobals) = postSolution
		SolutionGuid = {E35769B2-FA14-4925-B027-D100CB16755B}
	EndGlobalSection
EndGlobal
